
Microsoft Visual Studio Solution File, Format Version 12.00
# Visual Studio 15
VisualStudioVersion = 15.0.27703.2035
MinimumVisualStudioVersion = 10.0.40219.1
Project("{FAE04EC0-301F-11D3-BF4B-00C04F79EFBC}") = "ConstellationPackageFishtNess", "ConstellationPackageFishtNess\ConstellationPackageFishtNess.csproj", "{BF39B820-3AF3-44E3-9661-E16B688E26E4}"
EndProject
Global
	GlobalSection(SolutionConfigurationPlatforms) = preSolution
		Debug|Any CPU = Debug|Any CPU
		Release|Any CPU = Release|Any CPU
	EndGlobalSection
	GlobalSection(ProjectConfigurationPlatforms) = postSolution
		{BF39B820-3AF3-44E3-9661-E16B688E26E4}.Debug|Any CPU.ActiveCfg = Debug|Any CPU
		{BF39B820-3AF3-44E3-9661-E16B688E26E4}.Debug|Any CPU.Build.0 = Debug|Any CPU
		{BF39B820-3AF3-44E3-9661-E16B688E26E4}.Release|Any CPU.ActiveCfg = Release|Any CPU
		{BF39B820-3AF3-44E3-9661-E16B688E26E4}.Release|Any CPU.Build.0 = Release|Any CPU
	EndGlobalSection
	GlobalSection(SolutionProperties) = preSolution
		HideSolutionNode = FALSE
	EndGlobalSection
	GlobalSection(ExtensibilityGlobals) = postSolution
		SolutionGuid = {850B7B23-8E86-4A9B-9133-6CC186DC04CE}
	EndGlobalSection
EndGlobal
